
Microsoft Visual Studio Solution File, Format Version 12.00
# Visual Studio 2013
VisualStudioVersion = 12.0.21005.1
MinimumVisualStudioVersion = 10.0.40219.1
Project("{2150E333-8FDC-42A3-9474-1A3956D46DE8}") = "Add Comment", "Add Comment", "{1684DC87-5C2E-49A1-9C8E-DE5FD071B354}"
EndProject
Project("{2150E333-8FDC-42A3-9474-1A3956D46DE8}") = "Add Shapes", "Add Shapes", "{8E19F614-372D-4E2B-A689-EAC1E3759643}"
EndProject
Project("{2150E333-8FDC-42A3-9474-1A3956D46DE8}") = "Create a New Diagram", "Create a New Diagram", "{105E036D-5F4C-46C3-8FDD-BFBC338ABC36}"
EndProject
Project("{2150E333-8FDC-42A3-9474-1A3956D46DE8}") = "Get Document Properties", "Get Document Properties", "{B536F810-5FC6-48D1-B4CC-8FACCBEACAAB}"
EndProject
Project("{2150E333-8FDC-42A3-9474-1A3956D46DE8}") = "Inserting a New Page", "Inserting a New Page", "{05A2C628-4236-44F6-8907-0378A0E1F8C2}"
EndProject
Project("{2150E333-8FDC-42A3-9474-1A3956D46DE8}") = "Printing a Diagram", "Printing a Diagram", "{2A8264EE-0899-41AE-BAC2-CDD8B5E52037}"
EndProject
Project("{2150E333-8FDC-42A3-9474-1A3956D46DE8}") = "Retrieve Connector Info", "Retrieve Connector Info", "{E8731BBF-6750-4F7C-B933-862666E5195A}"
EndProject
Project("{2150E333-8FDC-42A3-9474-1A3956D46DE8}") = "Retrieve Font Info", "Retrieve Font Info", "{93187B3E-49B3-47D5-A9F7-63D753931BE9}"
EndProject
Project("{2150E333-8FDC-42A3-9474-1A3956D46DE8}") = "Save as different formats", "Save as different formats", "{7A791831-50B7-46A3-88B6-7EFBF9F74A9F}"
EndProject
Project("{2150E333-8FDC-42A3-9474-1A3956D46DE8}") = "Update shape properties", "Update shape properties", "{3D7EFA29-E28B-455B-877C-0782DD847A41}"
EndProject
Project("{2150E333-8FDC-42A3-9474-1A3956D46DE8}") = "Write Summary", "Write Summary", "{78EA89F9-A6F2-497D-9421-C1D0BADA1076}"
EndProject
Project("{FAE04EC0-301F-11D3-BF4B-00C04F79EFBC}") = "Aspose.Diagram", "Add Comment\Aspose.Diagram\Aspose.Diagram.csproj", "{559B7F5E-6854-4ECE-BCCA-600AC8AA9162}"
EndProject
Project("{FAE04EC0-301F-11D3-BF4B-00C04F79EFBC}") = "VSTO Visio", "Add Comment\VSTO Visio\VSTO Visio.csproj", "{E37BB941-67BB-467D-BD0F-3D054B9ED9E9}"
EndProject
Project("{FAE04EC0-301F-11D3-BF4B-00C04F79EFBC}") = "Aspose Diagram", "Add Shapes\Aspose Diagram\Aspose Diagram.csproj", "{200BE639-98DA-4EFE-8547-350E849684D0}"
EndProject
Project("{FAE04EC0-301F-11D3-BF4B-00C04F79EFBC}") = "VSTO Diagram", "Add Shapes\VSTO Diagram\VSTO Diagram.csproj", "{06393DF7-8CDE-43A0-94AD-2612C2DF7CB4}"
EndProject
Project("{FAE04EC0-301F-11D3-BF4B-00C04F79EFBC}") = "Aspose Diagram", "Create a New Diagram\Aspose Diagram\Aspose Diagram.csproj", "{E888D613-19E6-4DE1-B10F-00D2310826BD}"
EndProject
Project("{FAE04EC0-301F-11D3-BF4B-00C04F79EFBC}") = "VSTO Diagram", "Create a New Diagram\VSTO Diagram\VSTO Diagram.csproj", "{2FFFEFA5-6B94-4394-B341-5C30E9062C71}"
EndProject
Project("{FAE04EC0-301F-11D3-BF4B-00C04F79EFBC}") = "Aspose.Diagram", "Get Document Properties\Aspose.Diagram\Aspose.Diagram.csproj", "{0426D5BD-0E7D-4E3B-AE68-17D0F1D74213}"
EndProject
Project("{FAE04EC0-301F-11D3-BF4B-00C04F79EFBC}") = "VSTO Visio", "Get Document Properties\VSTO Visio\VSTO Visio.csproj", "{DFD16020-FF4A-4FDB-8875-DA459F6726C9}"
EndProject
Project("{FAE04EC0-301F-11D3-BF4B-00C04F79EFBC}") = "Aspose.Diagram", "Inserting a New Page\Aspose.Diagram\Aspose.Diagram.csproj", "{CDAB605F-C6CA-454C-9596-ADE1C4D696CB}"
EndProject
Project("{FAE04EC0-301F-11D3-BF4B-00C04F79EFBC}") = "VSTO Vision", "Inserting a New Page\VSTO Vision\VSTO Vision.csproj", "{FC7C7057-E9F9-41DF-ADAA-66157829FADB}"
EndProject
Project("{FAE04EC0-301F-11D3-BF4B-00C04F79EFBC}") = "Aspose.Diagram", "Printing a Diagram\Aspose.Diagram\Aspose.Diagram.csproj", "{A38CC5F2-6C9A-4EAF-B029-52F7B3EB9048}"
EndProject
Project("{FAE04EC0-301F-11D3-BF4B-00C04F79EFBC}") = "VSTO Visio", "Printing a Diagram\VSTO Visio\VSTO Visio.csproj", "{1F84E873-4F4E-4F8C-B2FF-A1EC412CC775}"
EndProject
Project("{FAE04EC0-301F-11D3-BF4B-00C04F79EFBC}") = "Aspose.Diagram", "Retrieve Connector Info\Aspose.Diagram\Aspose.Diagram.csproj", "{9946E5B2-8251-45E0-B59F-B1CA339F3AE6}"
EndProject
Project("{FAE04EC0-301F-11D3-BF4B-00C04F79EFBC}") = "VSTO Visio", "Retrieve Connector Info\VSTO Visio\VSTO Visio.csproj", "{BB1BBBC9-CC5B-4AF3-B465-689269C7FEED}"
EndProject
Project("{FAE04EC0-301F-11D3-BF4B-00C04F79EFBC}") = "Aspose.Diagram", "Retrieve Font Info\Aspose.Diagram\Aspose.Diagram.csproj", "{100B1522-FCBC-4FAA-81FE-A3C8FE63BFDF}"
EndProject
Project("{FAE04EC0-301F-11D3-BF4B-00C04F79EFBC}") = "VSTO Visio", "Retrieve Font Info\VSTO Visio\VSTO Visio.csproj", "{EE87DC3C-A02E-4847-A9E3-E98762CB41AD}"
EndProject
Project("{FAE04EC0-301F-11D3-BF4B-00C04F79EFBC}") = "Aspose Diagram", "Save as different formats\Aspose Diagram\Aspose Diagram.csproj", "{6894AEE6-7860-4383-BB14-62D192064E60}"
EndProject
Project("{FAE04EC0-301F-11D3-BF4B-00C04F79EFBC}") = "VSTO Diagram", "Save as different formats\VSTO Diagram\VSTO Diagram.csproj", "{F92F8D39-DA4C-42A2-8D1B-B665AE64BF80}"
EndProject
Project("{FAE04EC0-301F-11D3-BF4B-00C04F79EFBC}") = "Aspose Diagram", "Update shape properties\Aspose Diagram\Aspose Diagram.csproj", "{B31060BA-651A-4ADD-9456-E31C26CAB605}"
EndProject
Project("{FAE04EC0-301F-11D3-BF4B-00C04F79EFBC}") = "VSTO Diagram", "Update shape properties\VSTO Diagram\VSTO Diagram.csproj", "{647FD6A9-A785-4FC1-BF6F-266992458E68}"
EndProject
Project("{FAE04EC0-301F-11D3-BF4B-00C04F79EFBC}") = "Aspose.Diagram", "Write Summary\Aspose.Diagram\Aspose.Diagram.csproj", "{D3EEC69D-A5BD-41FF-BD9F-C1572ABBD22F}"
EndProject
Project("{FAE04EC0-301F-11D3-BF4B-00C04F79EFBC}") = "VSTO Visio", "Write Summary\VSTO Visio\VSTO Visio.csproj", "{F36984DB-68AE-4453-8ECE-69C6FAC40D0E}"
EndProject
Global
	GlobalSection(SolutionConfigurationPlatforms) = preSolution
		Debug|Any CPU = Debug|Any CPU
		Release|Any CPU = Release|Any CPU
	EndGlobalSection
	GlobalSection(ProjectConfigurationPlatforms) = postSolution
		{559B7F5E-6854-4ECE-BCCA-600AC8AA9162}.Debug|Any CPU.ActiveCfg = Debug|Any CPU
		{559B7F5E-6854-4ECE-BCCA-600AC8AA9162}.Debug|Any CPU.Build.0 = Debug|Any CPU
		{559B7F5E-6854-4ECE-BCCA-600AC8AA9162}.Release|Any CPU.ActiveCfg = Release|Any CPU
		{559B7F5E-6854-4ECE-BCCA-600AC8AA9162}.Release|Any CPU.Build.0 = Release|Any CPU
		{E37BB941-67BB-467D-BD0F-3D054B9ED9E9}.Debug|Any CPU.ActiveCfg = Debug|Any CPU
		{E37BB941-67BB-467D-BD0F-3D054B9ED9E9}.Debug|Any CPU.Build.0 = Debug|Any CPU
		{E37BB941-67BB-467D-BD0F-3D054B9ED9E9}.Release|Any CPU.ActiveCfg = Release|Any CPU
		{E37BB941-67BB-467D-BD0F-3D054B9ED9E9}.Release|Any CPU.Build.0 = Release|Any CPU
		{200BE639-98DA-4EFE-8547-350E849684D0}.Debug|Any CPU.ActiveCfg = Debug|Any CPU
		{200BE639-98DA-4EFE-8547-350E849684D0}.Debug|Any CPU.Build.0 = Debug|Any CPU
		{200BE639-98DA-4EFE-8547-350E849684D0}.Release|Any CPU.ActiveCfg = Release|Any CPU
		{200BE639-98DA-4EFE-8547-350E849684D0}.Release|Any CPU.Build.0 = Release|Any CPU
		{06393DF7-8CDE-43A0-94AD-2612C2DF7CB4}.Debug|Any CPU.ActiveCfg = Debug|Any CPU
		{06393DF7-8CDE-43A0-94AD-2612C2DF7CB4}.Debug|Any CPU.Build.0 = Debug|Any CPU
		{06393DF7-8CDE-43A0-94AD-2612C2DF7CB4}.Release|Any CPU.ActiveCfg = Release|Any CPU
		{06393DF7-8CDE-43A0-94AD-2612C2DF7CB4}.Release|Any CPU.Build.0 = Release|Any CPU
		{E888D613-19E6-4DE1-B10F-00D2310826BD}.Debug|Any CPU.ActiveCfg = Debug|Any CPU
		{E888D613-19E6-4DE1-B10F-00D2310826BD}.Debug|Any CPU.Build.0 = Debug|Any CPU
		{E888D613-19E6-4DE1-B10F-00D2310826BD}.Release|Any CPU.ActiveCfg = Release|Any CPU
		{E888D613-19E6-4DE1-B10F-00D2310826BD}.Release|Any CPU.Build.0 = Release|Any CPU
		{2FFFEFA5-6B94-4394-B341-5C30E9062C71}.Debug|Any CPU.ActiveCfg = Debug|Any CPU
		{2FFFEFA5-6B94-4394-B341-5C30E9062C71}.Debug|Any CPU.Build.0 = Debug|Any CPU
		{2FFFEFA5-6B94-4394-B341-5C30E9062C71}.Release|Any CPU.ActiveCfg = Release|Any CPU
		{2FFFEFA5-6B94-4394-B341-5C30E9062C71}.Release|Any CPU.Build.0 = Release|Any CPU
		{0426D5BD-0E7D-4E3B-AE68-17D0F1D74213}.Debug|Any CPU.ActiveCfg = Debug|Any CPU
		{0426D5BD-0E7D-4E3B-AE68-17D0F1D74213}.Debug|Any CPU.Build.0 = Debug|Any CPU
		{0426D5BD-0E7D-4E3B-AE68-17D0F1D74213}.Release|Any CPU.ActiveCfg = Release|Any CPU
		{0426D5BD-0E7D-4E3B-AE68-17D0F1D74213}.Release|Any CPU.Build.0 = Release|Any CPU
		{DFD16020-FF4A-4FDB-8875-DA459F6726C9}.Debug|Any CPU.ActiveCfg = Debug|Any CPU
		{DFD16020-FF4A-4FDB-8875-DA459F6726C9}.Debug|Any CPU.Build.0 = Debug|Any CPU
		{DFD16020-FF4A-4FDB-8875-DA459F6726C9}.Release|Any CPU.ActiveCfg = Release|Any CPU
		{DFD16020-FF4A-4FDB-8875-DA459F6726C9}.Release|Any CPU.Build.0 = Release|Any CPU
		{CDAB605F-C6CA-454C-9596-ADE1C4D696CB}.Debug|Any CPU.ActiveCfg = Debug|Any CPU
		{CDAB605F-C6CA-454C-9596-ADE1C4D696CB}.Debug|Any CPU.Build.0 = Debug|Any CPU
		{CDAB605F-C6CA-454C-9596-ADE1C4D696CB}.Release|Any CPU.ActiveCfg = Release|Any CPU
		{CDAB605F-C6CA-454C-9596-ADE1C4D696CB}.Release|Any CPU.Build.0 = Release|Any CPU
		{FC7C7057-E9F9-41DF-ADAA-66157829FADB}.Debug|Any CPU.ActiveCfg = Debug|Any CPU
		{FC7C7057-E9F9-41DF-ADAA-66157829FADB}.Debug|Any CPU.Build.0 = Debug|Any CPU
		{FC7C7057-E9F9-41DF-ADAA-66157829FADB}.Release|Any CPU.ActiveCfg = Release|Any CPU
		{FC7C7057-E9F9-41DF-ADAA-66157829FADB}.Release|Any CPU.Build.0 = Release|Any CPU
		{A38CC5F2-6C9A-4EAF-B029-52F7B3EB9048}.Debug|Any CPU.ActiveCfg = Debug|Any CPU
		{A38CC5F2-6C9A-4EAF-B029-52F7B3EB9048}.Debug|Any CPU.Build.0 = Debug|Any CPU
		{A38CC5F2-6C9A-4EAF-B029-52F7B3EB9048}.Release|Any CPU.ActiveCfg = Release|Any CPU
		{A38CC5F2-6C9A-4EAF-B029-52F7B3EB9048}.Release|Any CPU.Build.0 = Release|Any CPU
		{1F84E873-4F4E-4F8C-B2FF-A1EC412CC775}.Debug|Any CPU.ActiveCfg = Debug|Any CPU
		{1F84E873-4F4E-4F8C-B2FF-A1EC412CC775}.Debug|Any CPU.Build.0 = Debug|Any CPU
		{1F84E873-4F4E-4F8C-B2FF-A1EC412CC775}.Release|Any CPU.ActiveCfg = Release|Any CPU
		{1F84E873-4F4E-4F8C-B2FF-A1EC412CC775}.Release|Any CPU.Build.0 = Release|Any CPU
		{9946E5B2-8251-45E0-B59F-B1CA339F3AE6}.Debug|Any CPU.ActiveCfg = Debug|Any CPU
		{9946E5B2-8251-45E0-B59F-B1CA339F3AE6}.Debug|Any CPU.Build.0 = Debug|Any CPU
		{9946E5B2-8251-45E0-B59F-B1CA339F3AE6}.Release|Any CPU.ActiveCfg = Release|Any CPU
		{9946E5B2-8251-45E0-B59F-B1CA339F3AE6}.Release|Any CPU.Build.0 = Release|Any CPU
		{BB1BBBC9-CC5B-4AF3-B465-689269C7FEED}.Debug|Any CPU.ActiveCfg = Debug|Any CPU
		{BB1BBBC9-CC5B-4AF3-B465-689269C7FEED}.Debug|Any CPU.Build.0 = Debug|Any CPU
		{BB1BBBC9-CC5B-4AF3-B465-689269C7FEED}.Release|Any CPU.ActiveCfg = Release|Any CPU
		{BB1BBBC9-CC5B-4AF3-B465-689269C7FEED}.Release|Any CPU.Build.0 = Release|Any CPU
		{100B1522-FCBC-4FAA-81FE-A3C8FE63BFDF}.Debug|Any CPU.ActiveCfg = Debug|Any CPU
		{100B1522-FCBC-4FAA-81FE-A3C8FE63BFDF}.Debug|Any CPU.Build.0 = Debug|Any CPU
		{100B1522-FCBC-4FAA-81FE-A3C8FE63BFDF}.Release|Any CPU.ActiveCfg = Release|Any CPU
		{100B1522-FCBC-4FAA-81FE-A3C8FE63BFDF}.Release|Any CPU.Build.0 = Release|Any CPU
		{EE87DC3C-A02E-4847-A9E3-E98762CB41AD}.Debug|Any CPU.ActiveCfg = Debug|Any CPU
		{EE87DC3C-A02E-4847-A9E3-E98762CB41AD}.Debug|Any CPU.Build.0 = Debug|Any CPU
		{EE87DC3C-A02E-4847-A9E3-E98762CB41AD}.Release|Any CPU.ActiveCfg = Release|Any CPU
		{EE87DC3C-A02E-4847-A9E3-E98762CB41AD}.Release|Any CPU.Build.0 = Release|Any CPU
		{6894AEE6-7860-4383-BB14-62D192064E60}.Debug|Any CPU.ActiveCfg = Debug|Any CPU
		{6894AEE6-7860-4383-BB14-62D192064E60}.Debug|Any CPU.Build.0 = Debug|Any CPU
		{6894AEE6-7860-4383-BB14-62D192064E60}.Release|Any CPU.ActiveCfg = Release|Any CPU
		{6894AEE6-7860-4383-BB14-62D192064E60}.Release|Any CPU.Build.0 = Release|Any CPU
		{F92F8D39-DA4C-42A2-8D1B-B665AE64BF80}.Debug|Any CPU.ActiveCfg = Debug|Any CPU
		{F92F8D39-DA4C-42A2-8D1B-B665AE64BF80}.Debug|Any CPU.Build.0 = Debug|Any CPU
		{F92F8D39-DA4C-42A2-8D1B-B665AE64BF80}.Release|Any CPU.ActiveCfg = Release|Any CPU
		{F92F8D39-DA4C-42A2-8D1B-B665AE64BF80}.Release|Any CPU.Build.0 = Release|Any CPU
		{B31060BA-651A-4ADD-9456-E31C26CAB605}.Debug|Any CPU.ActiveCfg = Debug|Any CPU
		{B31060BA-651A-4ADD-9456-E31C26CAB605}.Debug|Any CPU.Build.0 = Debug|Any CPU
		{B31060BA-651A-4ADD-9456-E31C26CAB605}.Release|Any CPU.ActiveCfg = Release|Any CPU
		{B31060BA-651A-4ADD-9456-E31C26CAB605}.Release|Any CPU.Build.0 = Release|Any CPU
		{647FD6A9-A785-4FC1-BF6F-266992458E68}.Debug|Any CPU.ActiveCfg = Debug|Any CPU
		{647FD6A9-A785-4FC1-BF6F-266992458E68}.Debug|Any CPU.Build.0 = Debug|Any CPU
		{647FD6A9-A785-4FC1-BF6F-266992458E68}.Release|Any CPU.ActiveCfg = Release|Any CPU
		{647FD6A9-A785-4FC1-BF6F-266992458E68}.Release|Any CPU.Build.0 = Release|Any CPU
		{D3EEC69D-A5BD-41FF-BD9F-C1572ABBD22F}.Debug|Any CPU.ActiveCfg = Debug|Any CPU
		{D3EEC69D-A5BD-41FF-BD9F-C1572ABBD22F}.Debug|Any CPU.Build.0 = Debug|Any CPU
		{D3EEC69D-A5BD-41FF-BD9F-C1572ABBD22F}.Release|Any CPU.ActiveCfg = Release|Any CPU
		{D3EEC69D-A5BD-41FF-BD9F-C1572ABBD22F}.Release|Any CPU.Build.0 = Release|Any CPU
		{F36984DB-68AE-4453-8ECE-69C6FAC40D0E}.Debug|Any CPU.ActiveCfg = Debug|Any CPU
		{F36984DB-68AE-4453-8ECE-69C6FAC40D0E}.Debug|Any CPU.Build.0 = Debug|Any CPU
		{F36984DB-68AE-4453-8ECE-69C6FAC40D0E}.Release|Any CPU.ActiveCfg = Release|Any CPU
		{F36984DB-68AE-4453-8ECE-69C6FAC40D0E}.Release|Any CPU.Build.0 = Release|Any CPU
	EndGlobalSection
	GlobalSection(SolutionProperties) = preSolution
		HideSolutionNode = FALSE
	EndGlobalSection
	GlobalSection(NestedProjects) = preSolution
		{559B7F5E-6854-4ECE-BCCA-600AC8AA9162} = {1684DC87-5C2E-49A1-9C8E-DE5FD071B354}
		{E37BB941-67BB-467D-BD0F-3D054B9ED9E9} = {1684DC87-5C2E-49A1-9C8E-DE5FD071B354}
		{200BE639-98DA-4EFE-8547-350E849684D0} = {8E19F614-372D-4E2B-A689-EAC1E3759643}
		{06393DF7-8CDE-43A0-94AD-2612C2DF7CB4} = {8E19F614-372D-4E2B-A689-EAC1E3759643}
		{E888D613-19E6-4DE1-B10F-00D2310826BD} = {105E036D-5F4C-46C3-8FDD-BFBC338ABC36}
		{2FFFEFA5-6B94-4394-B341-5C30E9062C71} = {105E036D-5F4C-46C3-8FDD-BFBC338ABC36}
		{0426D5BD-0E7D-4E3B-AE68-17D0F1D74213} = {B536F810-5FC6-48D1-B4CC-8FACCBEACAAB}
		{DFD16020-FF4A-4FDB-8875-DA459F6726C9} = {B536F810-5FC6-48D1-B4CC-8FACCBEACAAB}
		{CDAB605F-C6CA-454C-9596-ADE1C4D696CB} = {05A2C628-4236-44F6-8907-0378A0E1F8C2}
		{FC7C7057-E9F9-41DF-ADAA-66157829FADB} = {05A2C628-4236-44F6-8907-0378A0E1F8C2}
		{A38CC5F2-6C9A-4EAF-B029-52F7B3EB9048} = {2A8264EE-0899-41AE-BAC2-CDD8B5E52037}
		{1F84E873-4F4E-4F8C-B2FF-A1EC412CC775} = {2A8264EE-0899-41AE-BAC2-CDD8B5E52037}
		{9946E5B2-8251-45E0-B59F-B1CA339F3AE6} = {E8731BBF-6750-4F7C-B933-862666E5195A}
		{BB1BBBC9-CC5B-4AF3-B465-689269C7FEED} = {E8731BBF-6750-4F7C-B933-862666E5195A}
		{100B1522-FCBC-4FAA-81FE-A3C8FE63BFDF} = {93187B3E-49B3-47D5-A9F7-63D753931BE9}
		{EE87DC3C-A02E-4847-A9E3-E98762CB41AD} = {93187B3E-49B3-47D5-A9F7-63D753931BE9}
		{6894AEE6-7860-4383-BB14-62D192064E60} = {7A791831-50B7-46A3-88B6-7EFBF9F74A9F}
		{F92F8D39-DA4C-42A2-8D1B-B665AE64BF80} = {7A791831-50B7-46A3-88B6-7EFBF9F74A9F}
		{B31060BA-651A-4ADD-9456-E31C26CAB605} = {3D7EFA29-E28B-455B-877C-0782DD847A41}
		{647FD6A9-A785-4FC1-BF6F-266992458E68} = {3D7EFA29-E28B-455B-877C-0782DD847A41}
		{D3EEC69D-A5BD-41FF-BD9F-C1572ABBD22F} = {78EA89F9-A6F2-497D-9421-C1D0BADA1076}
		{F36984DB-68AE-4453-8ECE-69C6FAC40D0E} = {78EA89F9-A6F2-497D-9421-C1D0BADA1076}
	EndGlobalSection
EndGlobal
